{
  "name": "mpeg-dash-player",
  "version": "1.0.0",
  "lockfileVersion": 1,
  "requires": true,
  "dependencies": {
    "shaka-player": {
      "version": "2.5.0-beta3",
      "resolved": "https://registry.npmjs.org/shaka-player/-/shaka-player-2.5.0-beta3.tgz",
      "integrity": "sha512-UPgC19dsviEsAjM/IOXB4xUCQhgqKOqRGeJN4FEF208pc+aNp2b4uSYc8SojYlDA5NSlqOvxkwKEaNnQLrg3sQ=="
    }
  }
}
